# This file is autogenerated, do not edit; changes may be undone by the next 'dep ensure'.


[[projects]]
  branch = "master"
  name = "github.com/google/go-querystring"
  packages = ["query"]
  revision = "53e6ce116135b80d037921a7fdd5138cf32d7a8a"

[[projects]]
  name = "github.com/tbruyelle/hipchat-go"
  packages = ["hipchat"]
  revision = "749fb9e14beb9995f677c101a754393cecb64b0f"
  version = "v1.2"

[solve-meta]
  analyzer-name = "dep"
  analyzer-version = 1
  inputs-digest = "402af6f7cb4ee62c4620dd6d34848da37215094f007d035cf22121f5313371ed"
  solver-name = "gps-cdcl"
  solver-version = 1
